{
  "name": "pomp",
  "lockfileVersion": 3,
  "requires": true,
  "packages": {
    "": {
      "devDependencies": {
        "daisyui": "^5.3.9",
        "tailwindcss": "^4.1.16"
      }
    },
    "node_modules/daisyui": {
      "version": "5.3.9",
      "resolved": "https://registry.npmjs.org/daisyui/-/daisyui-5.3.9.tgz",
      "integrity": "sha512-741x1pGGSGHcrBYtdE7iKbqW1OoiijYdAZ8oJPZR9MhSKLcMBlHjKfN3YlM2/K7t5jd7O0sg4SqkVNPylalRFw==",
      "dev": true,
      "license": "MIT",
      "funding": {
        "url": "https://github.com/saadeghi/daisyui?sponsor=1"
      }
    },
    "node_modules/tailwindcss": {
      "version": "4.1.16",
      "resolved": "https://registry.npmjs.org/tailwindcss/-/tailwindcss-4.1.16.tgz",
      "integrity": "sha512-pONL5awpaQX4LN5eiv7moSiSPd/DLDzKVRJz8Q9PgzmAdd1R4307GQS2ZpfiN7ZmekdQrfhZZiSE5jkLR4WNaA==",
      "dev": true,
      "license": "MIT"
    }
  }
}
